// !$*UTF8*$!
{
	archiveVersion = 1;
	classes = {
	};
	objectVersion = 51;
	objects = {

/* Begin PBXBuildFile section */
		0ABAC519DA615409732C61A2 /* Pods_HanYuko_v2.framework in Frameworks */ = {isa = PBXBuildFile; fileRef = C81790ABDC78D7CE934D2B15 /* Pods_HanYuko_v2.framework */; };
		23C4B54953CF2E0A49BC2634 /* Pods_HanYuko_v2Tests.framework in Frameworks */ = {isa = PBXBuildFile; fileRef = C6D0DD557F73850268690B88 /* Pods_HanYuko_v2Tests.framework */; };
		A515514125101A8500D07A82 /* AppDelegate.swift in Sources */ = {isa = PBXBuildFile; fileRef = A515514025101A8500D07A82 /* AppDelegate.swift */; };
		A515514325101A8500D07A82 /* SceneDelegate.swift in Sources */ = {isa = PBXBuildFile; fileRef = A515514225101A8500D07A82 /* SceneDelegate.swift */; };
		A515514525101A8500D07A82 /* ViewController.swift in Sources */ = {isa = PBXBuildFile; fileRef = A515514425101A8500D07A82 /* ViewController.swift */; };
		A515514825101A8500D07A82 /* Main.storyboard in Resources */ = {isa = PBXBuildFile; fileRef = A515514625101A8500D07A82 /* Main.storyboard */; };
		A515514A25101A8700D07A82 /* Assets.xcassets in Resources */ = {isa = PBXBuildFile; fileRef = A515514925101A8700D07A82 /* Assets.xcassets */; };
		A515514D25101A8700D07A82 /* LaunchScreen.storyboard in Resources */ = {isa = PBXBuildFile; fileRef = A515514B25101A8700D07A82 /* LaunchScreen.storyboard */; };
		A515515825101A8700D07A82 /* HanYuko_v2Tests.swift in Sources */ = {isa = PBXBuildFile; fileRef = A515515725101A8700D07A82 /* HanYuko_v2Tests.swift */; };
		A515516425101BB700D07A82 /* Rubik-Bold.ttf in Resources */ = {isa = PBXBuildFile; fileRef = A515516225101BB700D07A82 /* Rubik-Bold.ttf */; };
		A515516525101BB700D07A82 /* Rubik-Bold.ttf in Resources */ = {isa = PBXBuildFile; fileRef = A515516225101BB700D07A82 /* Rubik-Bold.ttf */; };
		A515516625101BB700D07A82 /* Rubik-Regular.ttf in Resources */ = {isa = PBXBuildFile; fileRef = A515516325101BB700D07A82 /* Rubik-Regular.ttf */; };
		A515516725101BB700D07A82 /* Rubik-Regular.ttf in Resources */ = {isa = PBXBuildFile; fileRef = A515516325101BB700D07A82 /* Rubik-Regular.ttf */; };
		A5251F5325102AE400358D6B /* UnsplashImage.swift in Sources */ = {isa = PBXBuildFile; fileRef = A5251F5225102AE400358D6B /* UnsplashImage.swift */; };
		A5251F57251D6F7E00358D6B /* SpinnerViewController.swift in Sources */ = {isa = PBXBuildFile; fileRef = A5251F56251D6F7E00358D6B /* SpinnerViewController.swift */; };
/* End PBXBuildFile section */

/* Begin PBXContainerItemProxy section */
		A515515425101A8700D07A82 /* PBXContainerItemProxy */ = {
			isa = PBXContainerItemProxy;
			containerPortal = A515513525101A8500D07A82 /* Project object */;
			proxyType = 1;
			remoteGlobalIDString = A515513C25101A8500D07A82;
			remoteInfo = HanYuko_v2;
		};
/* End PBXContainerItemProxy section */

/* Begin PBXFileReference section */
		82E67FCB75FB81E9090AF891 /* Pods-HanYuko_v2.debug.xcconfig */ = {isa = PBXFileReference; includeInIndex = 1; lastKnownFileType = text.xcconfig; name = "Pods-HanYuko_v2.debug.xcconfig"; path = "Target Support Files/Pods-HanYuko_v2/Pods-HanYuko_v2.debug.xcconfig"; sourceTree = "<group>"; };
		A488BAEE66AB6EDE376A0C86 /* Pods-HanYuko_v2Tests.release.xcconfig */ = {isa = PBXFileReference; includeInIndex = 1; lastKnownFileType = text.xcconfig; name = "Pods-HanYuko_v2Tests.release.xcconfig"; path = "Target Support Files/Pods-HanYuko_v2Tests/Pods-HanYuko_v2Tests.release.xcconfig"; sourceTree = "<group>"; };
		A515513D25101A8500D07A82 /* HanYuko_v2.app */ = {isa = PBXFileReference; explicitFileType = wrapper.application; includeInIndex = 0; path = HanYuko_v2.app; sourceTree = BUILT_PRODUCTS_DIR; };
		A515514025101A8500D07A82 /* AppDelegate.swift */ = {isa = PBXFileReference; lastKnownFileType = sourcecode.swift; path = AppDelegate.swift; sourceTree = "<group>"; };
		A515514225101A8500D07A82 /* SceneDelegate.swift */ = {isa = PBXFileReference; lastKnownFileType = sourcecode.swift; path = SceneDelegate.swift; sourceTree = "<group>"; };
		A515514425101A8500D07A82 /* ViewController.swift */ = {isa = PBXFileReference; lastKnownFileType = sourcecode.swift; path = ViewController.swift; sourceTree = "<group>"; };
		A515514725101A8500D07A82 /* Base */ = {isa = PBXFileReference; lastKnownFileType = file.storyboard; name = Base; path = Base.lproj/Main.storyboard; sourceTree = "<group>"; };
		A515514925101A8700D07A82 /* Assets.xcassets */ = {isa = PBXFileReference; lastKnownFileType = folder.assetcatalog; path = Assets.xcassets; sourceTree = "<group>"; };
		A515514C25101A8700D07A82 /* Base */ = {isa = PBXFileReference; lastKnownFileType = file.storyboard; name = Base; path = Base.lproj/LaunchScreen.storyboard; sourceTree = "<group>"; };
		A515514E25101A8700D07A82 /* Info.plist */ = {isa = PBXFileReference; lastKnownFileType = text.plist.xml; path = Info.plist; sourceTree = "<group>"; };
		A515515325101A8700D07A82 /* HanYuko_v2Tests.xctest */ = {isa = PBXFileReference; explicitFileType = wrapper.cfbundle; includeInIndex = 0; path = HanYuko_v2Tests.xctest; sourceTree = BUILT_PRODUCTS_DIR; };
		A515515725101A8700D07A82 /* HanYuko_v2Tests.swift */ = {isa = PBXFileReference; lastKnownFileType = sourcecode.swift; path = HanYuko_v2Tests.swift; sourceTree = "<group>"; };
		A515515925101A8700D07A82 /* Info.plist */ = {isa = PBXFileReference; lastKnownFileType = text.plist.xml; path = Info.plist; sourceTree = "<group>"; };
		A515516225101BB700D07A82 /* Rubik-Bold.ttf */ = {isa = PBXFileReference; lastKnownFileType = file; path = "Rubik-Bold.ttf"; sourceTree = "<group>"; };
		A515516325101BB700D07A82 /* Rubik-Regular.ttf */ = {isa = PBXFileReference; lastKnownFileType = file; path = "Rubik-Regular.ttf"; sourceTree = "<group>"; };
		A5251F5225102AE400358D6B /* UnsplashImage.swift */ = {isa = PBXFileReference; lastKnownFileType = sourcecode.swift; path = UnsplashImage.swift; sourceTree = "<group>"; };
		A5251F56251D6F7E00358D6B /* SpinnerViewController.swift */ = {isa = PBXFileReference; lastKnownFileType = sourcecode.swift; path = SpinnerViewController.swift; sourceTree = "<group>"; };
		AA46BD9EAB8E489A3D32DB0D /* Pods-HanYuko_v2.release.xcconfig */ = {isa = PBXFileReference; includeInIndex = 1; lastKnownFileType = text.xcconfig; name = "Pods-HanYuko_v2.release.xcconfig"; path = "Target Support Files/Pods-HanYuko_v2/Pods-HanYuko_v2.release.xcconfig"; sourceTree = "<group>"; };
		C6D0DD557F73850268690B88 /* Pods_HanYuko_v2Tests.framework */ = {isa = PBXFileReference; explicitFileType = wrapper.framework; includeInIndex = 0; path = Pods_HanYuko_v2Tests.framework; sourceTree = BUILT_PRODUCTS_DIR; };
		C81790ABDC78D7CE934D2B15 /* Pods_HanYuko_v2.framework */ = {isa = PBXFileReference; explicitFileType = wrapper.framework; includeInIndex = 0; path = Pods_HanYuko_v2.framework; sourceTree = BUILT_PRODUCTS_DIR; };
		F523A09F1DB69483D141ECDF /* Pods-HanYuko_v2Tests.debug.xcconfig */ = {isa = PBXFileReference; includeInIndex = 1; lastKnownFileType = text.xcconfig; name = "Pods-HanYuko_v2Tests.debug.xcconfig"; path = "Target Support Files/Pods-HanYuko_v2Tests/Pods-HanYuko_v2Tests.debug.xcconfig"; sourceTree = "<group>"; };
/* End PBXFileReference section */

/* Begin PBXFrameworksBuildPhase section */
		A515513A25101A8500D07A82 /* Frameworks */ = {
			isa = PBXFrameworksBuildPhase;
			buildActionMask = 2147483647;
			files = (
				0ABAC519DA615409732C61A2 /* Pods_HanYuko_v2.framework in Frameworks */,
			);
			runOnlyForDeploymentPostprocessing = 0;
		};
		A515515025101A8700D07A82 /* Frameworks */ = {
			isa = PBXFrameworksBuildPhase;
			buildActionMask = 2147483647;
			files = (
				23C4B54953CF2E0A49BC2634 /* Pods_HanYuko_v2Tests.framework in Frameworks */,
			);
			runOnlyForDeploymentPostprocessing = 0;
		};
/* End PBXFrameworksBuildPhase section */

/* Begin PBXGroup section */
		33F8FE463F86992FEEBEEEBE /* Pods */ = {
			isa = PBXGroup;
			children = (
				82E67FCB75FB81E9090AF891 /* Pods-HanYuko_v2.debug.xcconfig */,
				AA46BD9EAB8E489A3D32DB0D /* Pods-HanYuko_v2.release.xcconfig */,
				F523A09F1DB69483D141ECDF /* Pods-HanYuko_v2Tests.debug.xcconfig */,
				A488BAEE66AB6EDE376A0C86 /* Pods-HanYuko_v2Tests.release.xcconfig */,
			);
			path = Pods;
			sourceTree = "<group>";
		};
		A515513425101A8500D07A82 = {
			isa = PBXGroup;
			children = (
				A515513F25101A8500D07A82 /* HanYuko_v2 */,
				A515515625101A8700D07A82 /* HanYuko_v2Tests */,
				A515513E25101A8500D07A82 /* Products */,
				A515516825101BBD00D07A82 /* Fonts */,
				33F8FE463F86992FEEBEEEBE /* Pods */,
				F9049171C2CA2F36B1D6E489 /* Frameworks */,
			);
			sourceTree = "<group>";
		};
		A515513E25101A8500D07A82 /* Products */ = {
			isa = PBXGroup;
			children = (
				A515513D25101A8500D07A82 /* HanYuko_v2.app */,
				A515515325101A8700D07A82 /* HanYuko_v2Tests.xctest */,
			);
			name = Products;
			sourceTree = "<group>";
		};
		A515513F25101A8500D07A82 /* HanYuko_v2 */ = {
			isa = PBXGroup;
			children = (
				A515514025101A8500D07A82 /* AppDelegate.swift */,
				A515514225101A8500D07A82 /* SceneDelegate.swift */,
				A515514425101A8500D07A82 /* ViewController.swift */,
				A5251F56251D6F7E00358D6B /* SpinnerViewController.swift */,
				A5251F5225102AE400358D6B /* UnsplashImage.swift */,
				A515514625101A8500D07A82 /* Main.storyboard */,
				A515514925101A8700D07A82 /* Assets.xcassets */,
				A515514B25101A8700D07A82 /* LaunchScreen.storyboard */,
				A515514E25101A8700D07A82 /* Info.plist */,
			);
			path = HanYuko_v2;
			sourceTree = "<group>";
		};
		A515515625101A8700D07A82 /* HanYuko_v2Tests */ = {
			isa = PBXGroup;
			children = (
				A515515725101A8700D07A82 /* HanYuko_v2Tests.swift */,
				A515515925101A8700D07A82 /* Info.plist */,
			);
			path = HanYuko_v2Tests;
			sourceTree = "<group>";
		};
		A515516825101BBD00D07A82 /* Fonts */ = {
			isa = PBXGroup;
			children = (
				A515516225101BB700D07A82 /* Rubik-Bold.ttf */,
				A515516325101BB700D07A82 /* Rubik-Regular.ttf */,
			);
			path = Fonts;
			sourceTree = "<group>";
		};
		F9049171C2CA2F36B1D6E489 /* Frameworks */ = {
			isa = PBXGroup;
			children = (
				C81790ABDC78D7CE934D2B15 /* Pods_HanYuko_v2.framework */,
				C6D0DD557F73850268690B88 /* Pods_HanYuko_v2Tests.framework */,
			);
			name = Frameworks;
			sourceTree = "<group>";
		};
/* End PBXGroup section */

/* Begin PBXNativeTarget section */
		A515513C25101A8500D07A82 /* HanYuko_v2 */ = {
			isa = PBXNativeTarget;
			buildConfigurationList = A515515C25101A8700D07A82 /* Build configuration list for PBXNativeTarget "HanYuko_v2" */;
			buildPhases = (
				56BAF2A465721420850E1024 /* [CP] Check Pods Manifest.lock */,
				A515513925101A8500D07A82 /* Sources */,
				A515513A25101A8500D07A82 /* Frameworks */,
				A515513B25101A8500D07A82 /* Resources */,
				1306FCE8A5711723EB0B8E1A /* [CP] Embed Pods Frameworks */,
			);
			buildRules = (
			);
			dependencies = (
			);
			name = HanYuko_v2;
			productName = HanYuko_v2;
			productReference = A515513D25101A8500D07A82 /* HanYuko_v2.app */;
			productType = "com.apple.product-type.application";
		};
		A515515225101A8700D07A82 /* HanYuko_v2Tests */ = {
			isa = PBXNativeTarget;
			buildConfigurationList = A515515F25101A8700D07A82 /* Build configuration list for PBXNativeTarget "HanYuko_v2Tests" */;
			buildPhases = (
				E6CE979EE2CAC46BB13C58A2 /* [CP] Check Pods Manifest.lock */,
				A515514F25101A8700D07A82 /* Sources */,
				A515515025101A8700D07A82 /* Frameworks */,
				A515515125101A8700D07A82 /* Resources */,
			);
			buildRules = (
			);
			dependencies = (
				A515515525101A8700D07A82 /* PBXTargetDependency */,
			);
			name = HanYuko_v2Tests;
			productName = HanYuko_v2Tests;
			productReference = A515515325101A8700D07A82 /* HanYuko_v2Tests.xctest */;
			productType = "com.apple.product-type.bundle.unit-test";
		};
/* End PBXNativeTarget section */

/* Begin PBXProject section */
		A515513525101A8500D07A82 /* Project object */ = {
			isa = PBXProject;
			attributes = {
				LastSwiftUpdateCheck = 1130;
				LastUpgradeCheck = 1130;
				ORGANIZATIONNAME = "Jacob Pernell";
				TargetAttributes = {
					A515513C25101A8500D07A82 = {
						CreatedOnToolsVersion = 11.3.1;
					};
					A515515225101A8700D07A82 = {
						CreatedOnToolsVersion = 11.3.1;
						TestTargetID = A515513C25101A8500D07A82;
					};
				};
			};
			buildConfigurationList = A515513825101A8500D07A82 /* Build configuration list for PBXProject "HanYuko_v2" */;
			compatibilityVersion = "Xcode 9.3";
			developmentRegion = en;
			hasScannedForEncodings = 0;
			knownRegions = (
				en,
				Base,
			);
			mainGroup = A515513425101A8500D07A82;
			productRefGroup = A515513E25101A8500D07A82 /* Products */;
			projectDirPath = "";
			projectRoot = "";
			targets = (
				A515513C25101A8500D07A82 /* HanYuko_v2 */,
				A515515225101A8700D07A82 /* HanYuko_v2Tests */,
			);
		};
/* End PBXProject section */

/* Begin PBXResourcesBuildPhase section */
		A515513B25101A8500D07A82 /* Resources */ = {
			isa = PBXResourcesBuildPhase;
			buildActionMask = 2147483647;
			files = (
				A515514D25101A8700D07A82 /* LaunchScreen.storyboard in Resources */,
				A515516425101BB700D07A82 /* Rubik-Bold.ttf in Resources */,
				A515514A25101A8700D07A82 /* Assets.xcassets in Resources */,
				A515516625101BB700D07A82 /* Rubik-Regular.ttf in Resources */,
				A515514825101A8500D07A82 /* Main.storyboard in Resources */,
			);
			runOnlyForDeploymentPostprocessing = 0;
		};
		A515515125101A8700D07A82 /* Resources */ = {
			isa = PBXResourcesBuildPhase;
			buildActionMask = 2147483647;
			files = (
				A515516525101BB700D07A82 /* Rubik-Bold.ttf in Resources */,
				A515516725101BB700D07A82 /* Rubik-Regular.ttf in Resources */,
			);
			runOnlyForDeploymentPostprocessing = 0;
		};
/* End PBXResourcesBuildPhase section */

/* Begin PBXShellScriptBuildPhase section */
		1306FCE8A5711723EB0B8E1A /* [CP] Embed Pods Frameworks */ = {
			isa = PBXShellScriptBuildPhase;
			buildActionMask = 2147483647;
			files = (
			);
			inputFileListPaths = (
				"${PODS_ROOT}/Target Support Files/Pods-HanYuko_v2/Pods-HanYuko_v2-frameworks-${CONFIGURATION}-input-files.xcfilelist",
			);
			name = "[CP] Embed Pods Frameworks";
			outputFileListPaths = (
				"${PODS_ROOT}/Target Support Files/Pods-HanYuko_v2/Pods-HanYuko_v2-frameworks-${CONFIGURATION}-output-files.xcfilelist",
			);
			runOnlyForDeploymentPostprocessing = 0;
			shellPath = /bin/sh;
			shellScript = "\"${PODS_ROOT}/Target Support Files/Pods-HanYuko_v2/Pods-HanYuko_v2-frameworks.sh\"\n";
			showEnvVarsInLog = 0;
		};
		56BAF2A465721420850E1024 /* [CP] Check Pods Manifest.lock */ = {
			isa = PBXShellScriptBuildPhase;
			buildActionMask = 2147483647;
			files = (
			);
			inputFileListPaths = (
			);
			inputPaths = (
				"${PODS_PODFILE_DIR_PATH}/Podfile.lock",
				"${PODS_ROOT}/Manifest.lock",
			);
			name = "[CP] Check Pods Manifest.lock";
			outputFileListPaths = (
			);
			outputPaths = (
				"$(DERIVED_FILE_DIR)/Pods-HanYuko_v2-checkManifestLockResult.txt",
			);
			runOnlyForDeploymentPostprocessing = 0;
			shellPath = /bin/sh;
			shellScript = "diff \"${PODS_PODFILE_DIR_PATH}/Podfile.lock\" \"${PODS_ROOT}/Manifest.lock\" > /dev/null\nif [ $? != 0 ] ; then\n    # print error to STDERR\n    echo \"error: The sandbox is not in sync with the Podfile.lock. Run 'pod install' or update your CocoaPods installation.\" >&2\n    exit 1\nfi\n# This output is used by Xcode 'outputs' to avoid re-running this script phase.\necho \"SUCCESS\" > \"${SCRIPT_OUTPUT_FILE_0}\"\n";
			showEnvVarsInLog = 0;
		};
		E6CE979EE2CAC46BB13C58A2 /* [CP] Check Pods Manifest.lock */ = {
			isa = PBXShellScriptBuildPhase;
			buildActionMask = 2147483647;
			files = (
			);
			inputFileListPaths = (
			);
			inputPaths = (
				"${PODS_PODFILE_DIR_PATH}/Podfile.lock",
				"${PODS_ROOT}/Manifest.lock",
			);
			name = "[CP] Check Pods Manifest.lock";
			outputFileListPaths = (
			);
			outputPaths = (
				"$(DERIVED_FILE_DIR)/Pods-HanYuko_v2Tests-checkManifestLockResult.txt",
			);
			runOnlyForDeploymentPostprocessing = 0;
			shellPath = /bin/sh;
			shellScript = "diff \"${PODS_PODFILE_DIR_PATH}/Podfile.lock\" \"${PODS_ROOT}/Manifest.lock\" > /dev/null\nif [ $? != 0 ] ; then\n    # print error to STDERR\n    echo \"error: The sandbox is not in sync with the Podfile.lock. Run 'pod install' or update your CocoaPods installation.\" >&2\n    exit 1\nfi\n# This output is used by Xcode 'outputs' to avoid re-running this script phase.\necho \"SUCCESS\" > \"${SCRIPT_OUTPUT_FILE_0}\"\n";
			showEnvVarsInLog = 0;
		};
/* End PBXShellScriptBuildPhase section */

/* Begin PBXSourcesBuildPhase section */
		A515513925101A8500D07A82 /* Sources */ = {
			isa = PBXSourcesBuildPhase;
			buildActionMask = 2147483647;
			files = (
				A515514525101A8500D07A82 /* ViewController.swift in Sources */,
				A5251F5325102AE400358D6B /* UnsplashImage.swift in Sources */,
				A515514125101A8500D07A82 /* AppDelegate.swift in Sources */,
				A515514325101A8500D07A82 /* SceneDelegate.swift in Sources */,
				A5251F57251D6F7E00358D6B /* SpinnerViewController.swift in Sources */,
			);
			runOnlyForDeploymentPostprocessing = 0;
		};
		A515514F25101A8700D07A82 /* Sources */ = {
			isa = PBXSourcesBuildPhase;
			buildActionMask = 2147483647;
			files = (
				A515515825101A8700D07A82 /* HanYuko_v2Tests.swift in Sources */,
			);
			runOnlyForDeploymentPostprocessing = 0;
		};
/* End PBXSourcesBuildPhase section */

/* Begin PBXTargetDependency section */
		A515515525101A8700D07A82 /* PBXTargetDependency */ = {
			isa = PBXTargetDependency;
			target = A515513C25101A8500D07A82 /* HanYuko_v2 */;
			targetProxy = A515515425101A8700D07A82 /* PBXContainerItemProxy */;
		};
/* End PBXTargetDependency section */

/* Begin PBXVariantGroup section */
		A515514625101A8500D07A82 /* Main.storyboard */ = {
			isa = PBXVariantGroup;
			children = (
				A515514725101A8500D07A82 /* Base */,
			);
			name = Main.storyboard;
			sourceTree = "<group>";
		};
		A515514B25101A8700D07A82 /* LaunchScreen.storyboard */ = {
			isa = PBXVariantGroup;
			children = (
				A515514C25101A8700D07A82 /* Base */,
			);
			name = LaunchScreen.storyboard;
			sourceTree = "<group>";
		};
/* End PBXVariantGroup section */

/* Begin XCBuildConfiguration section */
		A515515A25101A8700D07A82 /* Debug */ = {
			isa = XCBuildConfiguration;
			buildSettings = {
				ALWAYS_SEARCH_USER_PATHS = NO;
				CLANG_ANALYZER_NONNULL = YES;
				CLANG_ANALYZER_NUMBER_OBJECT_CONVERSION = YES_AGGRESSIVE;
				CLANG_CXX_LANGUAGE_STANDARD = "gnu++14";
				CLANG_CXX_LIBRARY = "libc++";
				CLANG_ENABLE_MODULES = YES;
				CLANG_ENABLE_OBJC_ARC = YES;
				CLANG_ENABLE_OBJC_WEAK = YES;
				CLANG_WARN_BLOCK_CAPTURE_AUTORELEASING = YES;
				CLANG_WARN_BOOL_CONVERSION = YES;
				CLANG_WARN_COMMA = YES;
				CLANG_WARN_CONSTANT_CONVERSION = YES;
				CLANG_WARN_DEPRECATED_OBJC_IMPLEMENTATIONS = YES;
				CLANG_WARN_DIRECT_OBJC_ISA_USAGE = YES_ERROR;
				CLANG_WARN_DOCUMENTATION_COMMENTS = YES;
				CLANG_WARN_EMPTY_BODY = YES;
				CLANG_WARN_ENUM_CONVERSION = YES;
				CLANG_WARN_INFINITE_RECURSION = YES;
				CLANG_WARN_INT_CONVERSION = YES;
				CLANG_WARN_NON_LITERAL_NULL_CONVERSION = YES;
				CLANG_WARN_OBJC_IMPLICIT_RETAIN_SELF = YES;
				CLANG_WARN_OBJC_LITERAL_CONVERSION = YES;
				CLANG_WARN_OBJC_ROOT_CLASS = YES_ERROR;
				CLANG_WARN_RANGE_LOOP_ANALYSIS = YES;
				CLANG_WARN_STRICT_PROTOTYPES = YES;
				CLANG_WARN_SUSPICIOUS_MOVE = YES;
				CLANG_WARN_UNGUARDED_AVAILABILITY = YES_AGGRESSIVE;
				CLANG_WARN_UNREACHABLE_CODE = YES;
				CLANG_WARN__DUPLICATE_METHOD_MATCH = YES;
				COPY_PHASE_STRIP = NO;
				DEBUG_INFORMATION_FORMAT = dwarf;
				ENABLE_STRICT_OBJC_MSGSEND = YES;
				ENABLE_TESTABILITY = YES;
				GCC_C_LANGUAGE_STANDARD = gnu11;
				GCC_DYNAMIC_NO_PIC = NO;
				GCC_NO_COMMON_BLOCKS = YES;
				GCC_OPTIMIZATION_LEVEL = 0;
				GCC_PREPROCESSOR_DEFINITIONS = (
					"DEBUG=1",
					"$(inherited)",
				);
				GCC_WARN_64_TO_32_BIT_CONVERSION = YES;
				GCC_WARN_ABOUT_RETURN_TYPE = YES_ERROR;
				GCC_WARN_UNDECLARED_SELECTOR = YES;
				GCC_WARN_UNINITIALIZED_AUTOS = YES_AGGRESSIVE;
				GCC_WARN_UNUSED_FUNCTION = YES;
				GCC_WARN_UNUSED_VARIABLE = YES;
				IPHONEOS_DEPLOYMENT_TARGET = 13.2;
				MTL_ENABLE_DEBUG_INFO = INCLUDE_SOURCE;
				MTL_FAST_MATH = YES;
				ONLY_ACTIVE_ARCH = YES;
				SDKROOT = iphoneos;
				SWIFT_ACTIVE_COMPILATION_CONDITIONS = DEBUG;
				SWIFT_OPTIMIZATION_LEVEL = "-Onone";
			};
			name = Debug;
		};
		A515515B25101A8700D07A82 /* Release */ = {
			isa = XCBuildConfiguration;
			buildSettings = {
				ALWAYS_SEARCH_USER_PATHS = NO;
				CLANG_ANALYZER_NONNULL = YES;
				CLANG_ANALYZER_NUMBER_OBJECT_CONVERSION = YES_AGGRESSIVE;
				CLANG_CXX_LANGUAGE_STANDARD = "gnu++14";
				CLANG_CXX_LIBRARY = "libc++";
				CLANG_ENABLE_MODULES = YES;
				CLANG_ENABLE_OBJC_ARC = YES;
				CLANG_ENABLE_OBJC_WEAK = YES;
				CLANG_WARN_BLOCK_CAPTURE_AUTORELEASING = YES;
				CLANG_WARN_BOOL_CONVERSION = YES;
				CLANG_WARN_COMMA = YES;
				CLANG_WARN_CONSTANT_CONVERSION = YES;
				CLANG_WARN_DEPRECATED_OBJC_IMPLEMENTATIONS = YES;
				CLANG_WARN_DIRECT_OBJC_ISA_USAGE = YES_ERROR;
				CLANG_WARN_DOCUMENTATION_COMMENTS = YES;
				CLANG_WARN_EMPTY_BODY = YES;
				CLANG_WARN_ENUM_CONVERSION = YES;
				CLANG_WARN_INFINITE_RECURSION = YES;
				CLANG_WARN_INT_CONVERSION = YES;
				CLANG_WARN_NON_LITERAL_NULL_CONVERSION = YES;
				CLANG_WARN_OBJC_IMPLICIT_RETAIN_SELF = YES;
				CLANG_WARN_OBJC_LITERAL_CONVERSION = YES;
				CLANG_WARN_OBJC_ROOT_CLASS = YES_ERROR;
				CLANG_WARN_RANGE_LOOP_ANALYSIS = YES;
				CLANG_WARN_STRICT_PROTOTYPES = YES;
				CLANG_WARN_SUSPICIOUS_MOVE = YES;
				CLANG_WARN_UNGUARDED_AVAILABILITY = YES_AGGRESSIVE;
				CLANG_WARN_UNREACHABLE_CODE = YES;
				CLANG_WARN__DUPLICATE_METHOD_MATCH = YES;
				COPY_PHASE_STRIP = NO;
				DEBUG_INFORMATION_FORMAT = "dwarf-with-dsym";
				ENABLE_NS_ASSERTIONS = NO;
				ENABLE_STRICT_OBJC_MSGSEND = YES;
				GCC_C_LANGUAGE_STANDARD = gnu11;
				GCC_NO_COMMON_BLOCKS = YES;
				GCC_WARN_64_TO_32_BIT_CONVERSION = YES;
				GCC_WARN_ABOUT_RETURN_TYPE = YES_ERROR;
				GCC_WARN_UNDECLARED_SELECTOR = YES;
				GCC_WARN_UNINITIALIZED_AUTOS = YES_AGGRESSIVE;
				GCC_WARN_UNUSED_FUNCTION = YES;
				GCC_WARN_UNUSED_VARIABLE = YES;
				IPHONEOS_DEPLOYMENT_TARGET = 13.2;
				MTL_ENABLE_DEBUG_INFO = NO;
				MTL_FAST_MATH = YES;
				SDKROOT = iphoneos;
				SWIFT_COMPILATION_MODE = wholemodule;
				SWIFT_OPTIMIZATION_LEVEL = "-O";
				VALIDATE_PRODUCT = YES;
			};
			name = Release;
		};
		A515515D25101A8700D07A82 /* Debug */ = {
			isa = XCBuildConfiguration;
			baseConfigurationReference = 82E67FCB75FB81E9090AF891 /* Pods-HanYuko_v2.debug.xcconfig */;
			buildSettings = {
				ASSETCATALOG_COMPILER_APPICON_NAME = AppIcon;
				CODE_SIGN_STYLE = Automatic;
				DEVELOPMENT_TEAM = 889DPPF4QB;
				INFOPLIST_FILE = HanYuko_v2/Info.plist;
				LD_RUNPATH_SEARCH_PATHS = (
					"$(inherited)",
					"@executable_path/Frameworks",
				);
				PRODUCT_BUNDLE_IDENTIFIER = "com.jacobpernell.HanYuko-v2";
				PRODUCT_NAME = "$(TARGET_NAME)";
				SWIFT_VERSION = 5.0;
				TARGETED_DEVICE_FAMILY = 1;
			};
			name = Debug;
		};
		A515515E25101A8700D07A82 /* Release */ = {
			isa = XCBuildConfiguration;
			baseConfigurationReference = AA46BD9EAB8E489A3D32DB0D /* Pods-HanYuko_v2.release.xcconfig */;
			buildSettings = {
				ASSETCATALOG_COMPILER_APPICON_NAME = AppIcon;
				CODE_SIGN_STYLE = Automatic;
				DEVELOPMENT_TEAM = 889DPPF4QB;
				INFOPLIST_FILE = HanYuko_v2/Info.plist;
				LD_RUNPATH_SEARCH_PATHS = (
					"$(inherited)",
					"@executable_path/Frameworks",
				);
				PRODUCT_BUNDLE_IDENTIFIER = "com.jacobpernell.HanYuko-v2";
				PRODUCT_NAME = "$(TARGET_NAME)";
				SWIFT_VERSION = 5.0;
				TARGETED_DEVICE_FAMILY = 1;
			};
			name = Release;
		};
		A515516025101A8700D07A82 /* Debug */ = {
			isa = XCBuildConfiguration;
			baseConfigurationReference = F523A09F1DB69483D141ECDF /* Pods-HanYuko_v2Tests.debug.xcconfig */;
			buildSettings = {
				ALWAYS_EMBED_SWIFT_STANDARD_LIBRARIES = YES;
				BUNDLE_LOADER = "$(TEST_HOST)";
				CODE_SIGN_STYLE = Automatic;
				DEVELOPMENT_TEAM = 889DPPF4QB;
				INFOPLIST_FILE = HanYuko_v2Tests/Info.plist;
				IPHONEOS_DEPLOYMENT_TARGET = 13.2;
				LD_RUNPATH_SEARCH_PATHS = (
					"$(inherited)",
					"@executable_path/Frameworks",
					"@loader_path/Frameworks",
				);
				PRODUCT_BUNDLE_IDENTIFIER = "com.jacobpernell.HanYuko-v2Tests";
				PRODUCT_NAME = "$(TARGET_NAME)";
				SWIFT_VERSION = 5.0;
				TARGETED_DEVICE_FAMILY = "1,2";
				TEST_HOST = "$(BUILT_PRODUCTS_DIR)/HanYuko_v2.app/HanYuko_v2";
			};
			name = Debug;
		};
		A515516125101A8700D07A82 /* Release */ = {
			isa = XCBuildConfiguration;
			baseConfigurationReference = A488BAEE66AB6EDE376A0C86 /* Pods-HanYuko_v2Tests.release.xcconfig */;
			buildSettings = {
				ALWAYS_EMBED_SWIFT_STANDARD_LIBRARIES = YES;
				BUNDLE_LOADER = "$(TEST_HOST)";
				CODE_SIGN_STYLE = Automatic;
				DEVELOPMENT_TEAM = 889DPPF4QB;
				INFOPLIST_FILE = HanYuko_v2Tests/Info.plist;
				IPHONEOS_DEPLOYMENT_TARGET = 13.2;
				LD_RUNPATH_SEARCH_PATHS = (
					"$(inherited)",
					"@executable_path/Frameworks",
					"@loader_path/Frameworks",
				);
				PRODUCT_BUNDLE_IDENTIFIER = "com.jacobpernell.HanYuko-v2Tests";
				PRODUCT_NAME = "$(TARGET_NAME)";
				SWIFT_VERSION = 5.0;
				TARGETED_DEVICE_FAMILY = "1,2";
				TEST_HOST = "$(BUILT_PRODUCTS_DIR)/HanYuko_v2.app/HanYuko_v2";
			};
			name = Release;
		};
/* End XCBuildConfiguration section */

/* Begin XCConfigurationList section */
		A515513825101A8500D07A82 /* Build configuration list for PBXProject "HanYuko_v2" */ = {
			isa = XCConfigurationList;
			buildConfigurations = (
				A515515A25101A8700D07A82 /* Debug */,
				A515515B25101A8700D07A82 /* Release */,
			);
			defaultConfigurationIsVisible = 0;
			defaultConfigurationName = Release;
		};
		A515515C25101A8700D07A82 /* Build configuration list for PBXNativeTarget "HanYuko_v2" */ = {
			isa = XCConfigurationList;
			buildConfigurations = (
				A515515D25101A8700D07A82 /* Debug */,
				A515515E25101A8700D07A82 /* Release */,
			);
			defaultConfigurationIsVisible = 0;
			defaultConfigurationName = Release;
		};
		A515515F25101A8700D07A82 /* Build configuration list for PBXNativeTarget "HanYuko_v2Tests" */ = {
			isa = XCConfigurationList;
			buildConfigurations = (
				A515516025101A8700D07A82 /* Debug */,
				A515516125101A8700D07A82 /* Release */,
			);
			defaultConfigurationIsVisible = 0;
			defaultConfigurationName = Release;
		};
/* End XCConfigurationList section */
	};
	rootObject = A515513525101A8500D07A82 /* Project object */;
}
